
Microsoft Visual Studio Solution File, Format Version 12.00
# Visual Studio Version 17
VisualStudioVersion = 17.14.36623.8 d17.14
MinimumVisualStudioVersion = 10.0.40219.1
Project("{2150E333-8FDC-42A3-9474-1A3956D46DE8}") = "Services", "Services", "{02EA681E-C7D8-13C7-8484-4AC65E1B71E8}"
EndProject
Project("{2150E333-8FDC-42A3-9474-1A3956D46DE8}") = "Catalog", "Catalog", "{800957A0-4802-434F-B225-F725C251D2F7}"
EndProject
Project("{FAE04EC0-301F-11D3-BF4B-00C04F79EFBC}") = "Catalog.API", "..\Service\Catalog\Catalog.API\Catalog.API.csproj", "{43C9FB88-B566-4054-AB6C-67C3788D5E34}"
EndProject
Global
	GlobalSection(SolutionConfigurationPlatforms) = preSolution
		Debug|Any CPU = Debug|Any CPU
		Release|Any CPU = Release|Any CPU
	EndGlobalSection
	GlobalSection(ProjectConfigurationPlatforms) = postSolution
		{43C9FB88-B566-4054-AB6C-67C3788D5E34}.Debug|Any CPU.ActiveCfg = Debug|Any CPU
		{43C9FB88-B566-4054-AB6C-67C3788D5E34}.Debug|Any CPU.Build.0 = Debug|Any CPU
		{43C9FB88-B566-4054-AB6C-67C3788D5E34}.Release|Any CPU.ActiveCfg = Release|Any CPU
		{43C9FB88-B566-4054-AB6C-67C3788D5E34}.Release|Any CPU.Build.0 = Release|Any CPU
	EndGlobalSection
	GlobalSection(SolutionProperties) = preSolution
		HideSolutionNode = FALSE
	EndGlobalSection
	GlobalSection(NestedProjects) = preSolution
		{800957A0-4802-434F-B225-F725C251D2F7} = {02EA681E-C7D8-13C7-8484-4AC65E1B71E8}
		{43C9FB88-B566-4054-AB6C-67C3788D5E34} = {800957A0-4802-434F-B225-F725C251D2F7}
	EndGlobalSection
	GlobalSection(ExtensibilityGlobals) = postSolution
		SolutionGuid = {2F9841B3-CA6E-4746-AD98-533C6B5E5D96}
	EndGlobalSection
EndGlobal
