
Microsoft Visual Studio Solution File, Format Version 12.00
# Visual Studio Version 17
VisualStudioVersion = 17.14.36623.8
MinimumVisualStudioVersion = 10.0.40219.1
Project("{2150E333-8FDC-42A3-9474-1A3956D46DE8}") = "Services", "Services", "{02EA681E-C7D8-13C7-8484-4AC65E1B71E8}"
EndProject
Project("{2150E333-8FDC-42A3-9474-1A3956D46DE8}") = "Catalog", "Catalog", "{459BDFC9-73B7-4728-A140-A53A492F9DF6}"
EndProject
Project("{FAE04EC0-301F-11D3-BF4B-00C04F79EFBC}") = "Catalog.API", "Services\Catalog\Catalog.API\Catalog.API.csproj", "{733639CB-65CB-45C3-8FDA-C57C2A8DB3E7}"
EndProject
Project("{E53339B2-1760-4266-BCC7-CA923CBCF16C}") = "docker-compose", "docker-compose.dcproj", "{81DDED9D-158B-E303-5F62-77A2896D2A5A}"
EndProject
Project("{2150E333-8FDC-42A3-9474-1A3956D46DE8}") = "Basket", "Basket", "{4651256C-092D-4D51-A287-9D7803F08699}"
EndProject
Project("{FAE04EC0-301F-11D3-BF4B-00C04F79EFBC}") = "Basket.API", "Services\Basket\Basket.API\Basket.API.csproj", "{0CD2712D-89CC-48E3-AFB6-5DBE48B03EFF}"
EndProject
Project("{2150E333-8FDC-42A3-9474-1A3956D46DE8}") = "UseFullCommands", "UseFullCommands", "{1239F5C4-A466-4704-9F60-BEA910AAA274}"
	ProjectSection(SolutionItems) = preProject
		Docker.txt = Docker.txt
		nugetcommands.txt = nugetcommands.txt
		Redis.txt = Redis.txt
	EndProjectSection
EndProject
Project("{2150E333-8FDC-42A3-9474-1A3956D46DE8}") = "Discount", "Discount", "{26FC5665-6E57-491F-BABC-84ECE1A26AC0}"
EndProject
Project("{FAE04EC0-301F-11D3-BF4B-00C04F79EFBC}") = "Discount.API", "Services\Discount\Discount.API\Discount.API.csproj", "{6E981A7B-28A3-4764-8A95-C14E8A449D8E}"
EndProject
Project("{FAE04EC0-301F-11D3-BF4B-00C04F79EFBC}") = "Discount.Grpc", "Services\Discount\Discount.Grpc\Discount.Grpc.csproj", "{DE05AA7A-3DE6-789B-E477-765967CC5C57}"
EndProject
Project("{2150E333-8FDC-42A3-9474-1A3956D46DE8}") = "Ordering", "Ordering", "{AC4ACFB8-677F-4AB5-B0BF-A95692B556B6}"
EndProject
Project("{FAE04EC0-301F-11D3-BF4B-00C04F79EFBC}") = "Ordering.API", "Services\Ordering\Ordering.API\Ordering.API.csproj", "{7DE53E8D-B201-4536-B3DF-7B09D60BF360}"
EndProject
Project("{FAE04EC0-301F-11D3-BF4B-00C04F79EFBC}") = "Ordering.Domain", "Services\Ordering\Ordering.Domain\Ordering.Domain.csproj", "{33F1D1DD-AC92-4D02-9983-189E35601621}"
EndProject
Project("{FAE04EC0-301F-11D3-BF4B-00C04F79EFBC}") = "Ordering.Application", "Services\Ordering\Ordering.Application\Ordering.Application.csproj", "{0E0DDF4A-2F42-4E8E-96AF-82EA0A0FF504}"
EndProject
Project("{FAE04EC0-301F-11D3-BF4B-00C04F79EFBC}") = "Ordering.Infrastructure", "Services\Ordering\Ordering.Infrastructure\Ordering.Infrastructure.csproj", "{D0005904-1D17-4DC9-B72E-242A74FB6BA0}"
EndProject
Project("{2150E333-8FDC-42A3-9474-1A3956D46DE8}") = "BuildingBlocks", "BuildingBlocks", "{B8678F56-4604-48F2-A4D5-9266E598179C}"
EndProject
Project("{FAE04EC0-301F-11D3-BF4B-00C04F79EFBC}") = "EventBus.Messages", "BuildingBlocks\EventBus.Messages\EventBus.Messages.csproj", "{80E10F57-0DC4-43DB-822F-33E463BD69A6}"
EndProject
Global
	GlobalSection(SolutionConfigurationPlatforms) = preSolution
		Debug|Any CPU = Debug|Any CPU
		Release|Any CPU = Release|Any CPU
	EndGlobalSection
	GlobalSection(ProjectConfigurationPlatforms) = postSolution
		{733639CB-65CB-45C3-8FDA-C57C2A8DB3E7}.Debug|Any CPU.ActiveCfg = Debug|Any CPU
		{733639CB-65CB-45C3-8FDA-C57C2A8DB3E7}.Debug|Any CPU.Build.0 = Debug|Any CPU
		{733639CB-65CB-45C3-8FDA-C57C2A8DB3E7}.Release|Any CPU.ActiveCfg = Release|Any CPU
		{733639CB-65CB-45C3-8FDA-C57C2A8DB3E7}.Release|Any CPU.Build.0 = Release|Any CPU
		{81DDED9D-158B-E303-5F62-77A2896D2A5A}.Debug|Any CPU.ActiveCfg = Debug|Any CPU
		{81DDED9D-158B-E303-5F62-77A2896D2A5A}.Debug|Any CPU.Build.0 = Debug|Any CPU
		{81DDED9D-158B-E303-5F62-77A2896D2A5A}.Release|Any CPU.ActiveCfg = Release|Any CPU
		{81DDED9D-158B-E303-5F62-77A2896D2A5A}.Release|Any CPU.Build.0 = Release|Any CPU
		{0CD2712D-89CC-48E3-AFB6-5DBE48B03EFF}.Debug|Any CPU.ActiveCfg = Debug|Any CPU
		{0CD2712D-89CC-48E3-AFB6-5DBE48B03EFF}.Debug|Any CPU.Build.0 = Debug|Any CPU
		{0CD2712D-89CC-48E3-AFB6-5DBE48B03EFF}.Release|Any CPU.ActiveCfg = Release|Any CPU
		{0CD2712D-89CC-48E3-AFB6-5DBE48B03EFF}.Release|Any CPU.Build.0 = Release|Any CPU
		{6E981A7B-28A3-4764-8A95-C14E8A449D8E}.Debug|Any CPU.ActiveCfg = Debug|Any CPU
		{6E981A7B-28A3-4764-8A95-C14E8A449D8E}.Debug|Any CPU.Build.0 = Debug|Any CPU
		{6E981A7B-28A3-4764-8A95-C14E8A449D8E}.Release|Any CPU.ActiveCfg = Release|Any CPU
		{6E981A7B-28A3-4764-8A95-C14E8A449D8E}.Release|Any CPU.Build.0 = Release|Any CPU
		{DE05AA7A-3DE6-789B-E477-765967CC5C57}.Debug|Any CPU.ActiveCfg = Debug|Any CPU
		{DE05AA7A-3DE6-789B-E477-765967CC5C57}.Debug|Any CPU.Build.0 = Debug|Any CPU
		{DE05AA7A-3DE6-789B-E477-765967CC5C57}.Release|Any CPU.ActiveCfg = Release|Any CPU
		{DE05AA7A-3DE6-789B-E477-765967CC5C57}.Release|Any CPU.Build.0 = Release|Any CPU
		{7DE53E8D-B201-4536-B3DF-7B09D60BF360}.Debug|Any CPU.ActiveCfg = Debug|Any CPU
		{7DE53E8D-B201-4536-B3DF-7B09D60BF360}.Debug|Any CPU.Build.0 = Debug|Any CPU
		{7DE53E8D-B201-4536-B3DF-7B09D60BF360}.Release|Any CPU.ActiveCfg = Release|Any CPU
		{7DE53E8D-B201-4536-B3DF-7B09D60BF360}.Release|Any CPU.Build.0 = Release|Any CPU
		{33F1D1DD-AC92-4D02-9983-189E35601621}.Debug|Any CPU.ActiveCfg = Debug|Any CPU
		{33F1D1DD-AC92-4D02-9983-189E35601621}.Debug|Any CPU.Build.0 = Debug|Any CPU
		{33F1D1DD-AC92-4D02-9983-189E35601621}.Release|Any CPU.ActiveCfg = Release|Any CPU
		{33F1D1DD-AC92-4D02-9983-189E35601621}.Release|Any CPU.Build.0 = Release|Any CPU
		{0E0DDF4A-2F42-4E8E-96AF-82EA0A0FF504}.Debug|Any CPU.ActiveCfg = Debug|Any CPU
		{0E0DDF4A-2F42-4E8E-96AF-82EA0A0FF504}.Debug|Any CPU.Build.0 = Debug|Any CPU
		{0E0DDF4A-2F42-4E8E-96AF-82EA0A0FF504}.Release|Any CPU.ActiveCfg = Release|Any CPU
		{0E0DDF4A-2F42-4E8E-96AF-82EA0A0FF504}.Release|Any CPU.Build.0 = Release|Any CPU
		{D0005904-1D17-4DC9-B72E-242A74FB6BA0}.Debug|Any CPU.ActiveCfg = Debug|Any CPU
		{D0005904-1D17-4DC9-B72E-242A74FB6BA0}.Debug|Any CPU.Build.0 = Debug|Any CPU
		{D0005904-1D17-4DC9-B72E-242A74FB6BA0}.Release|Any CPU.ActiveCfg = Release|Any CPU
		{D0005904-1D17-4DC9-B72E-242A74FB6BA0}.Release|Any CPU.Build.0 = Release|Any CPU
		{80E10F57-0DC4-43DB-822F-33E463BD69A6}.Debug|Any CPU.ActiveCfg = Debug|Any CPU
		{80E10F57-0DC4-43DB-822F-33E463BD69A6}.Debug|Any CPU.Build.0 = Debug|Any CPU
		{80E10F57-0DC4-43DB-822F-33E463BD69A6}.Release|Any CPU.ActiveCfg = Release|Any CPU
		{80E10F57-0DC4-43DB-822F-33E463BD69A6}.Release|Any CPU.Build.0 = Release|Any CPU
	EndGlobalSection
	GlobalSection(SolutionProperties) = preSolution
		HideSolutionNode = FALSE
	EndGlobalSection
	GlobalSection(NestedProjects) = preSolution
		{459BDFC9-73B7-4728-A140-A53A492F9DF6} = {02EA681E-C7D8-13C7-8484-4AC65E1B71E8}
		{733639CB-65CB-45C3-8FDA-C57C2A8DB3E7} = {459BDFC9-73B7-4728-A140-A53A492F9DF6}
		{4651256C-092D-4D51-A287-9D7803F08699} = {02EA681E-C7D8-13C7-8484-4AC65E1B71E8}
		{0CD2712D-89CC-48E3-AFB6-5DBE48B03EFF} = {4651256C-092D-4D51-A287-9D7803F08699}
		{26FC5665-6E57-491F-BABC-84ECE1A26AC0} = {02EA681E-C7D8-13C7-8484-4AC65E1B71E8}
		{6E981A7B-28A3-4764-8A95-C14E8A449D8E} = {26FC5665-6E57-491F-BABC-84ECE1A26AC0}
		{DE05AA7A-3DE6-789B-E477-765967CC5C57} = {26FC5665-6E57-491F-BABC-84ECE1A26AC0}
		{AC4ACFB8-677F-4AB5-B0BF-A95692B556B6} = {02EA681E-C7D8-13C7-8484-4AC65E1B71E8}
		{7DE53E8D-B201-4536-B3DF-7B09D60BF360} = {AC4ACFB8-677F-4AB5-B0BF-A95692B556B6}
		{33F1D1DD-AC92-4D02-9983-189E35601621} = {AC4ACFB8-677F-4AB5-B0BF-A95692B556B6}
		{0E0DDF4A-2F42-4E8E-96AF-82EA0A0FF504} = {AC4ACFB8-677F-4AB5-B0BF-A95692B556B6}
		{D0005904-1D17-4DC9-B72E-242A74FB6BA0} = {AC4ACFB8-677F-4AB5-B0BF-A95692B556B6}
		{80E10F57-0DC4-43DB-822F-33E463BD69A6} = {B8678F56-4604-48F2-A4D5-9266E598179C}
	EndGlobalSection
	GlobalSection(ExtensibilityGlobals) = postSolution
		SolutionGuid = {85B5DD4B-06E0-4BAC-9EC8-EA3B94F83900}
	EndGlobalSection
EndGlobal
